
Microsoft Visual Studio Solution File, Format Version 12.00
# Visual Studio 14
VisualStudioVersion = 14.0.25123.0
MinimumVisualStudioVersion = 10.0.40219.1
Project("{FAE04EC0-301F-11D3-BF4B-00C04F79EFBC}") = "cs_3.3_abstract", "cs_3.3_abstract\cs_3.3_abstract.csproj", "{CD8F69DB-050F-459B-A2E9-ED99AEC762BB}"
EndProject
Global
	GlobalSection(SolutionConfigurationPlatforms) = preSolution
		Debug|Any CPU = Debug|Any CPU
		Release|Any CPU = Release|Any CPU
	EndGlobalSection
	GlobalSection(ProjectConfigurationPlatforms) = postSolution
		{CD8F69DB-050F-459B-A2E9-ED99AEC762BB}.Debug|Any CPU.ActiveCfg = Debug|Any CPU
		{CD8F69DB-050F-459B-A2E9-ED99AEC762BB}.Debug|Any CPU.Build.0 = Debug|Any CPU
		{CD8F69DB-050F-459B-A2E9-ED99AEC762BB}.Release|Any CPU.ActiveCfg = Release|Any CPU
		{CD8F69DB-050F-459B-A2E9-ED99AEC762BB}.Release|Any CPU.Build.0 = Release|Any CPU
	EndGlobalSection
	GlobalSection(SolutionProperties) = preSolution
		HideSolutionNode = FALSE
	EndGlobalSection
EndGlobal
